
Microsoft Visual Studio Solution File, Format Version 10.00
# Visual Studio 2008
Project("{FAE04EC0-301F-11D3-BF4B-00C04F79EFBC}") = "Sphere", "Sphere\Sphere.csproj", "{2D2671C5-F197-4962-8579-E843ABF8E608}"
EndProject
Project("{FAE04EC0-301F-11D3-BF4B-00C04F79EFBC}") = "ShatterExtension", "ShatterExtension\ShatterExtension.csproj", "{23A45FA3-6F1F-417C-BC85-0963AC5EFB10}"
EndProject
Project("{8BC9CEB8-8B4A-11D0-8D11-00A0C91BC942}") = "QuickStart.Physics.PhysX", "framework\code\Physics.PhysX\QuickStart.Physics.PhysX.vcproj", "{21884549-91FC-42CF-9C6C-323C0742436A}"
EndProject
Project("{FAE04EC0-301F-11D3-BF4B-00C04F79EFBC}") = "QuickStart_Windows", "framework\code\Common\QuickStart_Windows.csproj", "{E82BE082-C272-4AE2-97BC-944BBD73703B}"
EndProject
Project("{FAE04EC0-301F-11D3-BF4B-00C04F79EFBC}") = "QuickStart.ContentPipeline", "framework\code\ContentPipeline\QuickStart.ContentPipeline.csproj", "{3515BE14-EFD6-4F34-BB81-59D27E26B5BE}"
EndProject
Global
	GlobalSection(SubversionScc) = preSolution
		Svn-Managed = True
		Manager = AnkhSVN - Subversion Support for Visual Studio
	EndGlobalSection
	GlobalSection(SolutionConfigurationPlatforms) = preSolution
		Debug|Mixed Platforms = Debug|Mixed Platforms
		Debug|Win32 = Debug|Win32
		Debug|x86 = Debug|x86
		Debug|Xbox 360 = Debug|Xbox 360
		Debug|Zune = Debug|Zune
		Release|Mixed Platforms = Release|Mixed Platforms
		Release|Win32 = Release|Win32
		Release|x86 = Release|x86
		Release|Xbox 360 = Release|Xbox 360
		Release|Zune = Release|Zune
	EndGlobalSection
	GlobalSection(ProjectConfigurationPlatforms) = postSolution
		{2D2671C5-F197-4962-8579-E843ABF8E608}.Debug|Mixed Platforms.ActiveCfg = Debug|x86
		{2D2671C5-F197-4962-8579-E843ABF8E608}.Debug|Mixed Platforms.Build.0 = Debug|x86
		{2D2671C5-F197-4962-8579-E843ABF8E608}.Debug|Win32.ActiveCfg = Debug|x86
		{2D2671C5-F197-4962-8579-E843ABF8E608}.Debug|x86.ActiveCfg = Debug|x86
		{2D2671C5-F197-4962-8579-E843ABF8E608}.Debug|x86.Build.0 = Debug|x86
		{2D2671C5-F197-4962-8579-E843ABF8E608}.Debug|Xbox 360.ActiveCfg = Debug|x86
		{2D2671C5-F197-4962-8579-E843ABF8E608}.Debug|Zune.ActiveCfg = Debug|x86
		{2D2671C5-F197-4962-8579-E843ABF8E608}.Release|Mixed Platforms.ActiveCfg = Release|x86
		{2D2671C5-F197-4962-8579-E843ABF8E608}.Release|Mixed Platforms.Build.0 = Release|x86
		{2D2671C5-F197-4962-8579-E843ABF8E608}.Release|Win32.ActiveCfg = Release|x86
		{2D2671C5-F197-4962-8579-E843ABF8E608}.Release|x86.ActiveCfg = Release|x86
		{2D2671C5-F197-4962-8579-E843ABF8E608}.Release|x86.Build.0 = Release|x86
		{2D2671C5-F197-4962-8579-E843ABF8E608}.Release|Xbox 360.ActiveCfg = Release|x86
		{2D2671C5-F197-4962-8579-E843ABF8E608}.Release|Zune.ActiveCfg = Release|x86
		{23A45FA3-6F1F-417C-BC85-0963AC5EFB10}.Debug|Mixed Platforms.ActiveCfg = Debug|x86
		{23A45FA3-6F1F-417C-BC85-0963AC5EFB10}.Debug|Mixed Platforms.Build.0 = Debug|x86
		{23A45FA3-6F1F-417C-BC85-0963AC5EFB10}.Debug|Win32.ActiveCfg = Debug|Zune
		{23A45FA3-6F1F-417C-BC85-0963AC5EFB10}.Debug|x86.ActiveCfg = Debug|x86
		{23A45FA3-6F1F-417C-BC85-0963AC5EFB10}.Debug|x86.Build.0 = Debug|x86
		{23A45FA3-6F1F-417C-BC85-0963AC5EFB10}.Debug|Xbox 360.ActiveCfg = Debug|Xbox 360
		{23A45FA3-6F1F-417C-BC85-0963AC5EFB10}.Debug|Xbox 360.Build.0 = Debug|Xbox 360
		{23A45FA3-6F1F-417C-BC85-0963AC5EFB10}.Debug|Zune.ActiveCfg = Debug|Zune
		{23A45FA3-6F1F-417C-BC85-0963AC5EFB10}.Debug|Zune.Build.0 = Debug|Zune
		{23A45FA3-6F1F-417C-BC85-0963AC5EFB10}.Release|Mixed Platforms.ActiveCfg = Release|Zune
		{23A45FA3-6F1F-417C-BC85-0963AC5EFB10}.Release|Mixed Platforms.Build.0 = Release|Zune
		{23A45FA3-6F1F-417C-BC85-0963AC5EFB10}.Release|Win32.ActiveCfg = Release|Zune
		{23A45FA3-6F1F-417C-BC85-0963AC5EFB10}.Release|x86.ActiveCfg = Release|x86
		{23A45FA3-6F1F-417C-BC85-0963AC5EFB10}.Release|x86.Build.0 = Release|x86
		{23A45FA3-6F1F-417C-BC85-0963AC5EFB10}.Release|Xbox 360.ActiveCfg = Release|Xbox 360
		{23A45FA3-6F1F-417C-BC85-0963AC5EFB10}.Release|Xbox 360.Build.0 = Release|Xbox 360
		{23A45FA3-6F1F-417C-BC85-0963AC5EFB10}.Release|Zune.ActiveCfg = Release|Zune
		{23A45FA3-6F1F-417C-BC85-0963AC5EFB10}.Release|Zune.Build.0 = Release|Zune
		{A74A66E2-07E9-4E17-8FD9-80E283C359E8}.Debug|Mixed Platforms.ActiveCfg = Debug|x86
		{A74A66E2-07E9-4E17-8FD9-80E283C359E8}.Debug|Win32.ActiveCfg = Debug|x86
		{A74A66E2-07E9-4E17-8FD9-80E283C359E8}.Debug|x86.ActiveCfg = Debug|x86
		{A74A66E2-07E9-4E17-8FD9-80E283C359E8}.Debug|Xbox 360.ActiveCfg = Debug|x86
		{A74A66E2-07E9-4E17-8FD9-80E283C359E8}.Debug|Zune.ActiveCfg = Debug|x86
		{A74A66E2-07E9-4E17-8FD9-80E283C359E8}.Release|Mixed Platforms.ActiveCfg = Release|x86
		{A74A66E2-07E9-4E17-8FD9-80E283C359E8}.Release|Win32.ActiveCfg = Release|x86
		{A74A66E2-07E9-4E17-8FD9-80E283C359E8}.Release|x86.ActiveCfg = Release|x86
		{A74A66E2-07E9-4E17-8FD9-80E283C359E8}.Release|Xbox 360.ActiveCfg = Release|x86
		{A74A66E2-07E9-4E17-8FD9-80E283C359E8}.Release|Zune.ActiveCfg = Release|x86
		{21884549-91FC-42CF-9C6C-323C0742436A}.Debug|Mixed Platforms.ActiveCfg = Release|Win32
		{21884549-91FC-42CF-9C6C-323C0742436A}.Debug|Mixed Platforms.Build.0 = Release|Win32
		{21884549-91FC-42CF-9C6C-323C0742436A}.Debug|Win32.ActiveCfg = Debug|Win32
		{21884549-91FC-42CF-9C6C-323C0742436A}.Debug|Win32.Build.0 = Debug|Win32
		{21884549-91FC-42CF-9C6C-323C0742436A}.Debug|x86.ActiveCfg = Debug|Win32
		{21884549-91FC-42CF-9C6C-323C0742436A}.Debug|Xbox 360.ActiveCfg = Debug|Win32
		{21884549-91FC-42CF-9C6C-323C0742436A}.Debug|Zune.ActiveCfg = Debug|Win32
		{21884549-91FC-42CF-9C6C-323C0742436A}.Release|Mixed Platforms.ActiveCfg = Release|Win32
		{21884549-91FC-42CF-9C6C-323C0742436A}.Release|Mixed Platforms.Build.0 = Release|Win32
		{21884549-91FC-42CF-9C6C-323C0742436A}.Release|Win32.ActiveCfg = Release|Win32
		{21884549-91FC-42CF-9C6C-323C0742436A}.Release|Win32.Build.0 = Release|Win32
		{21884549-91FC-42CF-9C6C-323C0742436A}.Release|x86.ActiveCfg = Release|Win32
		{21884549-91FC-42CF-9C6C-323C0742436A}.Release|Xbox 360.ActiveCfg = Release|Win32
		{21884549-91FC-42CF-9C6C-323C0742436A}.Release|Zune.ActiveCfg = Release|Win32
		{E82BE082-C272-4AE2-97BC-944BBD73703B}.Debug|Mixed Platforms.ActiveCfg = Debug|x86
		{E82BE082-C272-4AE2-97BC-944BBD73703B}.Debug|Mixed Platforms.Build.0 = Debug|x86
		{E82BE082-C272-4AE2-97BC-944BBD73703B}.Debug|Win32.ActiveCfg = Debug|x86
		{E82BE082-C272-4AE2-97BC-944BBD73703B}.Debug|x86.ActiveCfg = Debug|x86
		{E82BE082-C272-4AE2-97BC-944BBD73703B}.Debug|x86.Build.0 = Debug|x86
		{E82BE082-C272-4AE2-97BC-944BBD73703B}.Debug|Xbox 360.ActiveCfg = Debug|x86
		{E82BE082-C272-4AE2-97BC-944BBD73703B}.Debug|Zune.ActiveCfg = Debug|x86
		{E82BE082-C272-4AE2-97BC-944BBD73703B}.Release|Mixed Platforms.ActiveCfg = Release|x86
		{E82BE082-C272-4AE2-97BC-944BBD73703B}.Release|Mixed Platforms.Build.0 = Release|x86
		{E82BE082-C272-4AE2-97BC-944BBD73703B}.Release|Win32.ActiveCfg = Release|x86
		{E82BE082-C272-4AE2-97BC-944BBD73703B}.Release|x86.ActiveCfg = Release|x86
		{E82BE082-C272-4AE2-97BC-944BBD73703B}.Release|x86.Build.0 = Release|x86
		{E82BE082-C272-4AE2-97BC-944BBD73703B}.Release|Xbox 360.ActiveCfg = Release|x86
		{E82BE082-C272-4AE2-97BC-944BBD73703B}.Release|Zune.ActiveCfg = Release|x86
		{A2A17BFE-A2CB-4D24-AD4A-AE9925E96FBF}.Debug|Mixed Platforms.ActiveCfg = Debug|Xbox 360
		{A2A17BFE-A2CB-4D24-AD4A-AE9925E96FBF}.Debug|Win32.ActiveCfg = Debug|Xbox 360
		{A2A17BFE-A2CB-4D24-AD4A-AE9925E96FBF}.Debug|x86.ActiveCfg = Debug|x86
		{A2A17BFE-A2CB-4D24-AD4A-AE9925E96FBF}.Debug|Xbox 360.ActiveCfg = Debug|Xbox 360
		{A2A17BFE-A2CB-4D24-AD4A-AE9925E96FBF}.Debug|Zune.ActiveCfg = Debug|Xbox 360
		{A2A17BFE-A2CB-4D24-AD4A-AE9925E96FBF}.Release|Mixed Platforms.ActiveCfg = Release|Xbox 360
		{A2A17BFE-A2CB-4D24-AD4A-AE9925E96FBF}.Release|Win32.ActiveCfg = Release|Xbox 360
		{A2A17BFE-A2CB-4D24-AD4A-AE9925E96FBF}.Release|x86.ActiveCfg = Release|x86
		{A2A17BFE-A2CB-4D24-AD4A-AE9925E96FBF}.Release|Xbox 360.ActiveCfg = Release|Xbox 360
		{A2A17BFE-A2CB-4D24-AD4A-AE9925E96FBF}.Release|Zune.ActiveCfg = Release|Xbox 360
		{3515BE14-EFD6-4F34-BB81-59D27E26B5BE}.Debug|Mixed Platforms.ActiveCfg = Debug|x86
		{3515BE14-EFD6-4F34-BB81-59D27E26B5BE}.Debug|Mixed Platforms.Build.0 = Debug|x86
		{3515BE14-EFD6-4F34-BB81-59D27E26B5BE}.Debug|Win32.ActiveCfg = Debug|Xbox 360
		{3515BE14-EFD6-4F34-BB81-59D27E26B5BE}.Debug|x86.ActiveCfg = Debug|x86
		{3515BE14-EFD6-4F34-BB81-59D27E26B5BE}.Debug|x86.Build.0 = Debug|x86
		{3515BE14-EFD6-4F34-BB81-59D27E26B5BE}.Debug|Xbox 360.ActiveCfg = Debug|Xbox 360
		{3515BE14-EFD6-4F34-BB81-59D27E26B5BE}.Debug|Xbox 360.Build.0 = Debug|Xbox 360
		{3515BE14-EFD6-4F34-BB81-59D27E26B5BE}.Debug|Zune.ActiveCfg = Debug|Xbox 360
		{3515BE14-EFD6-4F34-BB81-59D27E26B5BE}.Release|Mixed Platforms.ActiveCfg = Release|Xbox 360
		{3515BE14-EFD6-4F34-BB81-59D27E26B5BE}.Release|Mixed Platforms.Build.0 = Release|Xbox 360
		{3515BE14-EFD6-4F34-BB81-59D27E26B5BE}.Release|Win32.ActiveCfg = Release|Xbox 360
		{3515BE14-EFD6-4F34-BB81-59D27E26B5BE}.Release|x86.ActiveCfg = Release|x86
		{3515BE14-EFD6-4F34-BB81-59D27E26B5BE}.Release|x86.Build.0 = Release|x86
		{3515BE14-EFD6-4F34-BB81-59D27E26B5BE}.Release|Xbox 360.ActiveCfg = Release|Xbox 360
		{3515BE14-EFD6-4F34-BB81-59D27E26B5BE}.Release|Xbox 360.Build.0 = Release|Xbox 360
		{3515BE14-EFD6-4F34-BB81-59D27E26B5BE}.Release|Zune.ActiveCfg = Release|Xbox 360
	EndGlobalSection
	GlobalSection(SolutionProperties) = preSolution
		HideSolutionNode = FALSE
	EndGlobalSection
EndGlobal
