
Microsoft Visual Studio Solution File, Format Version 9.00
# Visual Studio 2005
Project("{FAE04EC0-301F-11D3-BF4B-00C04F79EFBC}") = "Sphere", "Sphere.csproj", "{2D2671C5-F197-4962-8579-E843ABF8E608}"
	ProjectSection(WebsiteProperties) = preProject
		Debug.AspNetCompiler.Debug = "True"
		Release.AspNetCompiler.Debug = "False"
	EndProjectSection
EndProject
Project("{FAE04EC0-301F-11D3-BF4B-00C04F79EFBC}") = "ModelPipelineExtensions", "..\ShatterExtension\ModelPipelineExtensions.csproj", "{23A45FA3-6F1F-417C-BC85-0963AC5EFB10}"
	ProjectSection(WebsiteProperties) = preProject
		Debug.AspNetCompiler.Debug = "True"
		Release.AspNetCompiler.Debug = "False"
	EndProjectSection
EndProject
Project("{FAE04EC0-301F-11D3-BF4B-00C04F79EFBC}") = "JigLibX", "..\JigLibX\JigLibX.csproj", "{8C96785C-F085-4DA6-83AD-AEE47591B5CF}"
	ProjectSection(WebsiteProperties) = preProject
		Debug.AspNetCompiler.Debug = "True"
		Release.AspNetCompiler.Debug = "False"
	EndProjectSection
EndProject
Project("{FAE04EC0-301F-11D3-BF4B-00C04F79EFBC}") = "X Engine", "..\X-Engine\X Engine.csproj", "{219B7B7B-9CF7-4D3F-925C-85573E11A3E7}"
	ProjectSection(WebsiteProperties) = preProject
		Debug.AspNetCompiler.Debug = "True"
		Release.AspNetCompiler.Debug = "False"
	EndProjectSection
EndProject
Project("{FAE04EC0-301F-11D3-BF4B-00C04F79EFBC}") = "JigLibX360", "..\JigLibX\JigLibX360.csproj", "{2344E0E4-7FB1-480C-B374-7F95A40FC554}"
	ProjectSection(WebsiteProperties) = preProject
		Debug.AspNetCompiler.Debug = "True"
		Release.AspNetCompiler.Debug = "False"
	EndProjectSection
EndProject
Project("{FAE04EC0-301F-11D3-BF4B-00C04F79EFBC}") = "X Engine360", "..\X-Engine\X Engine360.csproj", "{F5633A6D-B5F5-4596-AD53-5D46A8C8FCF6}"
	ProjectSection(WebsiteProperties) = preProject
		Debug.AspNetCompiler.Debug = "True"
		Release.AspNetCompiler.Debug = "False"
	EndProjectSection
EndProject
Project("{FAE04EC0-301F-11D3-BF4B-00C04F79EFBC}") = "Sphere360", "Sphere360.csproj", "{1E882FA0-E968-498A-8CFD-AB2446E427CB}"
	ProjectSection(WebsiteProperties) = preProject
		Debug.AspNetCompiler.Debug = "True"
		Release.AspNetCompiler.Debug = "False"
	EndProjectSection
EndProject
Project("{FAE04EC0-301F-11D3-BF4B-00C04F79EFBC}") = "XSIXNARuntime", "..\XSIXNARuntime\XSIXNARuntime.csproj", "{924BE388-B6B6-4FFB-9E9E-89CACEDA52CE}"
	ProjectSection(WebsiteProperties) = preProject
		Debug.AspNetCompiler.Debug = "True"
		Release.AspNetCompiler.Debug = "False"
	EndProjectSection
EndProject
Project("{FAE04EC0-301F-11D3-BF4B-00C04F79EFBC}") = "XSIXNARuntime360", "..\XSIXNARuntime\XSIXNARuntime360.csproj", "{927FFC95-1D05-44CE-A9DA-A057659028F6}"
	ProjectSection(WebsiteProperties) = preProject
		Debug.AspNetCompiler.Debug = "True"
		Release.AspNetCompiler.Debug = "False"
	EndProjectSection
EndProject
Project("{FAE04EC0-301F-11D3-BF4B-00C04F79EFBC}") = "ParticlePipeline", "..\ParticlePipeline\ParticlePipeline.csproj", "{E77063AA-51E9-42A0-BC02-5A175393BF8C}"
	ProjectSection(WebsiteProperties) = preProject
		Debug.AspNetCompiler.Debug = "True"
		Release.AspNetCompiler.Debug = "False"
	EndProjectSection
EndProject
Project("{FAE04EC0-301F-11D3-BF4B-00C04F79EFBC}") = "X-Editor", "..\X-Editor\X-Editor\X-Editor.csproj", "{5D409732-59E5-43D0-A4AD-30FFEF361290}"
	ProjectSection(WebsiteProperties) = preProject
		Debug.AspNetCompiler.Debug = "True"
		Release.AspNetCompiler.Debug = "False"
	EndProjectSection
EndProject
Project("{FAE04EC0-301F-11D3-BF4B-00C04F79EFBC}") = "TexturePipelineExtensions", "..\TexturePipelineExtensions\TexturePipelineExtensions.csproj", "{939F5307-4DD5-4881-A277-0A852E2B5152}"
	ProjectSection(WebsiteProperties) = preProject
		Debug.AspNetCompiler.Debug = "True"
		Release.AspNetCompiler.Debug = "False"
	EndProjectSection
EndProject
Global
	GlobalSection(SubversionScc) = preSolution
		Svn-Managed = True
		Manager = AnkhSVN - Subversion Support for Visual Studio
	EndGlobalSection
	GlobalSection(SolutionConfigurationPlatforms) = preSolution
		Debug|Any CPU = Debug|Any CPU
		Debug|Mixed Platforms = Debug|Mixed Platforms
		Debug|x86 = Debug|x86
		Debug|Xbox 360 = Debug|Xbox 360
		Debug|Zune = Debug|Zune
		Release|Any CPU = Release|Any CPU
		Release|Mixed Platforms = Release|Mixed Platforms
		Release|x86 = Release|x86
		Release|Xbox 360 = Release|Xbox 360
		Release|Zune = Release|Zune
	EndGlobalSection
	GlobalSection(ProjectConfigurationPlatforms) = postSolution
		{2D2671C5-F197-4962-8579-E843ABF8E608}.Debug|Any CPU.ActiveCfg = Debug|x86
		{2D2671C5-F197-4962-8579-E843ABF8E608}.Debug|Mixed Platforms.ActiveCfg = Debug|x86
		{2D2671C5-F197-4962-8579-E843ABF8E608}.Debug|Mixed Platforms.Build.0 = Debug|x86
		{2D2671C5-F197-4962-8579-E843ABF8E608}.Debug|x86.ActiveCfg = Debug|x86
		{2D2671C5-F197-4962-8579-E843ABF8E608}.Debug|x86.Build.0 = Debug|x86
		{2D2671C5-F197-4962-8579-E843ABF8E608}.Debug|Xbox 360.ActiveCfg = Debug|x86
		{2D2671C5-F197-4962-8579-E843ABF8E608}.Debug|Zune.ActiveCfg = Debug|x86
		{2D2671C5-F197-4962-8579-E843ABF8E608}.Release|Any CPU.ActiveCfg = Release|x86
		{2D2671C5-F197-4962-8579-E843ABF8E608}.Release|Mixed Platforms.ActiveCfg = Release|x86
		{2D2671C5-F197-4962-8579-E843ABF8E608}.Release|Mixed Platforms.Build.0 = Release|x86
		{2D2671C5-F197-4962-8579-E843ABF8E608}.Release|x86.ActiveCfg = Release|x86
		{2D2671C5-F197-4962-8579-E843ABF8E608}.Release|x86.Build.0 = Release|x86
		{2D2671C5-F197-4962-8579-E843ABF8E608}.Release|Xbox 360.ActiveCfg = Release|x86
		{2D2671C5-F197-4962-8579-E843ABF8E608}.Release|Zune.ActiveCfg = Release|x86
		{23A45FA3-6F1F-417C-BC85-0963AC5EFB10}.Debug|Any CPU.ActiveCfg = Debug|Zune
		{23A45FA3-6F1F-417C-BC85-0963AC5EFB10}.Debug|Mixed Platforms.ActiveCfg = Debug|Zune
		{23A45FA3-6F1F-417C-BC85-0963AC5EFB10}.Debug|Mixed Platforms.Build.0 = Debug|Zune
		{23A45FA3-6F1F-417C-BC85-0963AC5EFB10}.Debug|x86.ActiveCfg = Debug|x86
		{23A45FA3-6F1F-417C-BC85-0963AC5EFB10}.Debug|x86.Build.0 = Debug|x86
		{23A45FA3-6F1F-417C-BC85-0963AC5EFB10}.Debug|Xbox 360.ActiveCfg = Debug|Xbox 360
		{23A45FA3-6F1F-417C-BC85-0963AC5EFB10}.Debug|Xbox 360.Build.0 = Debug|Xbox 360
		{23A45FA3-6F1F-417C-BC85-0963AC5EFB10}.Debug|Zune.ActiveCfg = Debug|Zune
		{23A45FA3-6F1F-417C-BC85-0963AC5EFB10}.Debug|Zune.Build.0 = Debug|Zune
		{23A45FA3-6F1F-417C-BC85-0963AC5EFB10}.Release|Any CPU.ActiveCfg = Release|Zune
		{23A45FA3-6F1F-417C-BC85-0963AC5EFB10}.Release|Mixed Platforms.ActiveCfg = Release|Zune
		{23A45FA3-6F1F-417C-BC85-0963AC5EFB10}.Release|Mixed Platforms.Build.0 = Release|Zune
		{23A45FA3-6F1F-417C-BC85-0963AC5EFB10}.Release|x86.ActiveCfg = Release|x86
		{23A45FA3-6F1F-417C-BC85-0963AC5EFB10}.Release|x86.Build.0 = Release|x86
		{23A45FA3-6F1F-417C-BC85-0963AC5EFB10}.Release|Xbox 360.ActiveCfg = Release|Xbox 360
		{23A45FA3-6F1F-417C-BC85-0963AC5EFB10}.Release|Xbox 360.Build.0 = Release|Xbox 360
		{23A45FA3-6F1F-417C-BC85-0963AC5EFB10}.Release|Zune.ActiveCfg = Release|Zune
		{23A45FA3-6F1F-417C-BC85-0963AC5EFB10}.Release|Zune.Build.0 = Release|Zune
		{8C96785C-F085-4DA6-83AD-AEE47591B5CF}.Debug|Any CPU.ActiveCfg = Debug|x86
		{8C96785C-F085-4DA6-83AD-AEE47591B5CF}.Debug|Mixed Platforms.ActiveCfg = Debug|x86
		{8C96785C-F085-4DA6-83AD-AEE47591B5CF}.Debug|Mixed Platforms.Build.0 = Debug|x86
		{8C96785C-F085-4DA6-83AD-AEE47591B5CF}.Debug|x86.ActiveCfg = Debug|x86
		{8C96785C-F085-4DA6-83AD-AEE47591B5CF}.Debug|x86.Build.0 = Debug|x86
		{8C96785C-F085-4DA6-83AD-AEE47591B5CF}.Debug|Xbox 360.ActiveCfg = Debug|x86
		{8C96785C-F085-4DA6-83AD-AEE47591B5CF}.Debug|Zune.ActiveCfg = Debug|x86
		{8C96785C-F085-4DA6-83AD-AEE47591B5CF}.Release|Any CPU.ActiveCfg = Release|x86
		{8C96785C-F085-4DA6-83AD-AEE47591B5CF}.Release|Mixed Platforms.ActiveCfg = Release|x86
		{8C96785C-F085-4DA6-83AD-AEE47591B5CF}.Release|Mixed Platforms.Build.0 = Release|x86
		{8C96785C-F085-4DA6-83AD-AEE47591B5CF}.Release|x86.ActiveCfg = Release|x86
		{8C96785C-F085-4DA6-83AD-AEE47591B5CF}.Release|x86.Build.0 = Release|x86
		{8C96785C-F085-4DA6-83AD-AEE47591B5CF}.Release|Xbox 360.ActiveCfg = Release|x86
		{8C96785C-F085-4DA6-83AD-AEE47591B5CF}.Release|Zune.ActiveCfg = Release|x86
		{219B7B7B-9CF7-4D3F-925C-85573E11A3E7}.Debug|Any CPU.ActiveCfg = Debug|x86
		{219B7B7B-9CF7-4D3F-925C-85573E11A3E7}.Debug|Mixed Platforms.ActiveCfg = Debug|x86
		{219B7B7B-9CF7-4D3F-925C-85573E11A3E7}.Debug|Mixed Platforms.Build.0 = Debug|x86
		{219B7B7B-9CF7-4D3F-925C-85573E11A3E7}.Debug|x86.ActiveCfg = Debug|x86
		{219B7B7B-9CF7-4D3F-925C-85573E11A3E7}.Debug|x86.Build.0 = Debug|x86
		{219B7B7B-9CF7-4D3F-925C-85573E11A3E7}.Debug|Xbox 360.ActiveCfg = Debug|x86
		{219B7B7B-9CF7-4D3F-925C-85573E11A3E7}.Debug|Zune.ActiveCfg = Debug|x86
		{219B7B7B-9CF7-4D3F-925C-85573E11A3E7}.Release|Any CPU.ActiveCfg = Release|x86
		{219B7B7B-9CF7-4D3F-925C-85573E11A3E7}.Release|Mixed Platforms.ActiveCfg = Release|x86
		{219B7B7B-9CF7-4D3F-925C-85573E11A3E7}.Release|Mixed Platforms.Build.0 = Release|x86
		{219B7B7B-9CF7-4D3F-925C-85573E11A3E7}.Release|x86.ActiveCfg = Release|x86
		{219B7B7B-9CF7-4D3F-925C-85573E11A3E7}.Release|x86.Build.0 = Release|x86
		{219B7B7B-9CF7-4D3F-925C-85573E11A3E7}.Release|Xbox 360.ActiveCfg = Release|x86
		{219B7B7B-9CF7-4D3F-925C-85573E11A3E7}.Release|Zune.ActiveCfg = Release|x86
		{2344E0E4-7FB1-480C-B374-7F95A40FC554}.Debug|Any CPU.ActiveCfg = Debug|Xbox 360
		{2344E0E4-7FB1-480C-B374-7F95A40FC554}.Debug|Mixed Platforms.ActiveCfg = Debug|Xbox 360
		{2344E0E4-7FB1-480C-B374-7F95A40FC554}.Debug|Mixed Platforms.Build.0 = Debug|Xbox 360
		{2344E0E4-7FB1-480C-B374-7F95A40FC554}.Debug|x86.ActiveCfg = Debug|Xbox 360
		{2344E0E4-7FB1-480C-B374-7F95A40FC554}.Debug|Xbox 360.ActiveCfg = Debug|Xbox 360
		{2344E0E4-7FB1-480C-B374-7F95A40FC554}.Debug|Xbox 360.Build.0 = Debug|Xbox 360
		{2344E0E4-7FB1-480C-B374-7F95A40FC554}.Debug|Zune.ActiveCfg = Debug|Xbox 360
		{2344E0E4-7FB1-480C-B374-7F95A40FC554}.Release|Any CPU.ActiveCfg = Release|Xbox 360
		{2344E0E4-7FB1-480C-B374-7F95A40FC554}.Release|Mixed Platforms.ActiveCfg = Release|Xbox 360
		{2344E0E4-7FB1-480C-B374-7F95A40FC554}.Release|Mixed Platforms.Build.0 = Release|Xbox 360
		{2344E0E4-7FB1-480C-B374-7F95A40FC554}.Release|x86.ActiveCfg = Release|Xbox 360
		{2344E0E4-7FB1-480C-B374-7F95A40FC554}.Release|Xbox 360.ActiveCfg = Release|Xbox 360
		{2344E0E4-7FB1-480C-B374-7F95A40FC554}.Release|Xbox 360.Build.0 = Release|Xbox 360
		{2344E0E4-7FB1-480C-B374-7F95A40FC554}.Release|Zune.ActiveCfg = Release|Xbox 360
		{F5633A6D-B5F5-4596-AD53-5D46A8C8FCF6}.Debug|Any CPU.ActiveCfg = Debug|Xbox 360
		{F5633A6D-B5F5-4596-AD53-5D46A8C8FCF6}.Debug|Mixed Platforms.ActiveCfg = Debug|Xbox 360
		{F5633A6D-B5F5-4596-AD53-5D46A8C8FCF6}.Debug|Mixed Platforms.Build.0 = Debug|Xbox 360
		{F5633A6D-B5F5-4596-AD53-5D46A8C8FCF6}.Debug|x86.ActiveCfg = Debug|Xbox 360
		{F5633A6D-B5F5-4596-AD53-5D46A8C8FCF6}.Debug|Xbox 360.ActiveCfg = Debug|Xbox 360
		{F5633A6D-B5F5-4596-AD53-5D46A8C8FCF6}.Debug|Xbox 360.Build.0 = Debug|Xbox 360
		{F5633A6D-B5F5-4596-AD53-5D46A8C8FCF6}.Debug|Zune.ActiveCfg = Debug|Xbox 360
		{F5633A6D-B5F5-4596-AD53-5D46A8C8FCF6}.Release|Any CPU.ActiveCfg = Release|Xbox 360
		{F5633A6D-B5F5-4596-AD53-5D46A8C8FCF6}.Release|Mixed Platforms.ActiveCfg = Release|Xbox 360
		{F5633A6D-B5F5-4596-AD53-5D46A8C8FCF6}.Release|Mixed Platforms.Build.0 = Release|Xbox 360
		{F5633A6D-B5F5-4596-AD53-5D46A8C8FCF6}.Release|x86.ActiveCfg = Release|Xbox 360
		{F5633A6D-B5F5-4596-AD53-5D46A8C8FCF6}.Release|Xbox 360.ActiveCfg = Release|Xbox 360
		{F5633A6D-B5F5-4596-AD53-5D46A8C8FCF6}.Release|Xbox 360.Build.0 = Release|Xbox 360
		{F5633A6D-B5F5-4596-AD53-5D46A8C8FCF6}.Release|Zune.ActiveCfg = Release|Xbox 360
		{1E882FA0-E968-498A-8CFD-AB2446E427CB}.Debug|Any CPU.ActiveCfg = Debug|Xbox 360
		{1E882FA0-E968-498A-8CFD-AB2446E427CB}.Debug|Mixed Platforms.ActiveCfg = Debug|Xbox 360
		{1E882FA0-E968-498A-8CFD-AB2446E427CB}.Debug|Mixed Platforms.Build.0 = Debug|Xbox 360
		{1E882FA0-E968-498A-8CFD-AB2446E427CB}.Debug|Mixed Platforms.Deploy.0 = Debug|Xbox 360
		{1E882FA0-E968-498A-8CFD-AB2446E427CB}.Debug|x86.ActiveCfg = Debug|Xbox 360
		{1E882FA0-E968-498A-8CFD-AB2446E427CB}.Debug|Xbox 360.ActiveCfg = Debug|Xbox 360
		{1E882FA0-E968-498A-8CFD-AB2446E427CB}.Debug|Xbox 360.Build.0 = Debug|Xbox 360
		{1E882FA0-E968-498A-8CFD-AB2446E427CB}.Debug|Xbox 360.Deploy.0 = Debug|Xbox 360
		{1E882FA0-E968-498A-8CFD-AB2446E427CB}.Debug|Zune.ActiveCfg = Debug|Xbox 360
		{1E882FA0-E968-498A-8CFD-AB2446E427CB}.Release|Any CPU.ActiveCfg = Release|Xbox 360
		{1E882FA0-E968-498A-8CFD-AB2446E427CB}.Release|Mixed Platforms.ActiveCfg = Release|Xbox 360
		{1E882FA0-E968-498A-8CFD-AB2446E427CB}.Release|Mixed Platforms.Build.0 = Release|Xbox 360
		{1E882FA0-E968-498A-8CFD-AB2446E427CB}.Release|Mixed Platforms.Deploy.0 = Release|Xbox 360
		{1E882FA0-E968-498A-8CFD-AB2446E427CB}.Release|x86.ActiveCfg = Release|Xbox 360
		{1E882FA0-E968-498A-8CFD-AB2446E427CB}.Release|Xbox 360.ActiveCfg = Release|Xbox 360
		{1E882FA0-E968-498A-8CFD-AB2446E427CB}.Release|Xbox 360.Build.0 = Release|Xbox 360
		{1E882FA0-E968-498A-8CFD-AB2446E427CB}.Release|Xbox 360.Deploy.0 = Release|Xbox 360
		{1E882FA0-E968-498A-8CFD-AB2446E427CB}.Release|Zune.ActiveCfg = Release|Xbox 360
		{924BE388-B6B6-4FFB-9E9E-89CACEDA52CE}.Debug|Any CPU.ActiveCfg = Debug|x86
		{924BE388-B6B6-4FFB-9E9E-89CACEDA52CE}.Debug|Mixed Platforms.ActiveCfg = Debug|x86
		{924BE388-B6B6-4FFB-9E9E-89CACEDA52CE}.Debug|Mixed Platforms.Build.0 = Debug|x86
		{924BE388-B6B6-4FFB-9E9E-89CACEDA52CE}.Debug|x86.ActiveCfg = Debug|x86
		{924BE388-B6B6-4FFB-9E9E-89CACEDA52CE}.Debug|x86.Build.0 = Debug|x86
		{924BE388-B6B6-4FFB-9E9E-89CACEDA52CE}.Debug|Xbox 360.ActiveCfg = Debug|x86
		{924BE388-B6B6-4FFB-9E9E-89CACEDA52CE}.Debug|Zune.ActiveCfg = Debug|x86
		{924BE388-B6B6-4FFB-9E9E-89CACEDA52CE}.Release|Any CPU.ActiveCfg = Release|x86
		{924BE388-B6B6-4FFB-9E9E-89CACEDA52CE}.Release|Mixed Platforms.ActiveCfg = Release|x86
		{924BE388-B6B6-4FFB-9E9E-89CACEDA52CE}.Release|Mixed Platforms.Build.0 = Release|x86
		{924BE388-B6B6-4FFB-9E9E-89CACEDA52CE}.Release|x86.ActiveCfg = Release|x86
		{924BE388-B6B6-4FFB-9E9E-89CACEDA52CE}.Release|x86.Build.0 = Release|x86
		{924BE388-B6B6-4FFB-9E9E-89CACEDA52CE}.Release|Xbox 360.ActiveCfg = Release|x86
		{924BE388-B6B6-4FFB-9E9E-89CACEDA52CE}.Release|Zune.ActiveCfg = Release|x86
		{927FFC95-1D05-44CE-A9DA-A057659028F6}.Debug|Any CPU.ActiveCfg = Debug|Xbox 360
		{927FFC95-1D05-44CE-A9DA-A057659028F6}.Debug|Mixed Platforms.ActiveCfg = Debug|Xbox 360
		{927FFC95-1D05-44CE-A9DA-A057659028F6}.Debug|Mixed Platforms.Build.0 = Debug|Xbox 360
		{927FFC95-1D05-44CE-A9DA-A057659028F6}.Debug|x86.ActiveCfg = Debug|Xbox 360
		{927FFC95-1D05-44CE-A9DA-A057659028F6}.Debug|Xbox 360.ActiveCfg = Debug|Xbox 360
		{927FFC95-1D05-44CE-A9DA-A057659028F6}.Debug|Xbox 360.Build.0 = Debug|Xbox 360
		{927FFC95-1D05-44CE-A9DA-A057659028F6}.Debug|Zune.ActiveCfg = Debug|Xbox 360
		{927FFC95-1D05-44CE-A9DA-A057659028F6}.Release|Any CPU.ActiveCfg = Release|Xbox 360
		{927FFC95-1D05-44CE-A9DA-A057659028F6}.Release|Mixed Platforms.ActiveCfg = Release|Xbox 360
		{927FFC95-1D05-44CE-A9DA-A057659028F6}.Release|Mixed Platforms.Build.0 = Release|Xbox 360
		{927FFC95-1D05-44CE-A9DA-A057659028F6}.Release|x86.ActiveCfg = Release|Xbox 360
		{927FFC95-1D05-44CE-A9DA-A057659028F6}.Release|Xbox 360.ActiveCfg = Release|Xbox 360
		{927FFC95-1D05-44CE-A9DA-A057659028F6}.Release|Xbox 360.Build.0 = Release|Xbox 360
		{927FFC95-1D05-44CE-A9DA-A057659028F6}.Release|Zune.ActiveCfg = Release|Xbox 360
		{E77063AA-51E9-42A0-BC02-5A175393BF8C}.Debug|Any CPU.ActiveCfg = Debug|Xbox 360
		{E77063AA-51E9-42A0-BC02-5A175393BF8C}.Debug|Mixed Platforms.ActiveCfg = Debug|Xbox 360
		{E77063AA-51E9-42A0-BC02-5A175393BF8C}.Debug|Mixed Platforms.Build.0 = Debug|Xbox 360
		{E77063AA-51E9-42A0-BC02-5A175393BF8C}.Debug|x86.ActiveCfg = Debug|x86
		{E77063AA-51E9-42A0-BC02-5A175393BF8C}.Debug|x86.Build.0 = Debug|x86
		{E77063AA-51E9-42A0-BC02-5A175393BF8C}.Debug|Xbox 360.ActiveCfg = Debug|Xbox 360
		{E77063AA-51E9-42A0-BC02-5A175393BF8C}.Debug|Xbox 360.Build.0 = Debug|Xbox 360
		{E77063AA-51E9-42A0-BC02-5A175393BF8C}.Debug|Zune.ActiveCfg = Debug|Xbox 360
		{E77063AA-51E9-42A0-BC02-5A175393BF8C}.Release|Any CPU.ActiveCfg = Release|Xbox 360
		{E77063AA-51E9-42A0-BC02-5A175393BF8C}.Release|Mixed Platforms.ActiveCfg = Release|Xbox 360
		{E77063AA-51E9-42A0-BC02-5A175393BF8C}.Release|Mixed Platforms.Build.0 = Release|Xbox 360
		{E77063AA-51E9-42A0-BC02-5A175393BF8C}.Release|x86.ActiveCfg = Release|x86
		{E77063AA-51E9-42A0-BC02-5A175393BF8C}.Release|x86.Build.0 = Release|x86
		{E77063AA-51E9-42A0-BC02-5A175393BF8C}.Release|Xbox 360.ActiveCfg = Release|Xbox 360
		{E77063AA-51E9-42A0-BC02-5A175393BF8C}.Release|Xbox 360.Build.0 = Release|Xbox 360
		{E77063AA-51E9-42A0-BC02-5A175393BF8C}.Release|Zune.ActiveCfg = Release|Xbox 360
		{5D409732-59E5-43D0-A4AD-30FFEF361290}.Debug|Any CPU.ActiveCfg = Debug|Any CPU
		{5D409732-59E5-43D0-A4AD-30FFEF361290}.Debug|Any CPU.Build.0 = Debug|Any CPU
		{5D409732-59E5-43D0-A4AD-30FFEF361290}.Debug|Mixed Platforms.ActiveCfg = Debug|Any CPU
		{5D409732-59E5-43D0-A4AD-30FFEF361290}.Debug|Mixed Platforms.Build.0 = Debug|Any CPU
		{5D409732-59E5-43D0-A4AD-30FFEF361290}.Debug|x86.ActiveCfg = Debug|x86
		{5D409732-59E5-43D0-A4AD-30FFEF361290}.Debug|x86.Build.0 = Debug|x86
		{5D409732-59E5-43D0-A4AD-30FFEF361290}.Debug|Xbox 360.ActiveCfg = Debug|Any CPU
		{5D409732-59E5-43D0-A4AD-30FFEF361290}.Debug|Zune.ActiveCfg = Debug|Any CPU
		{5D409732-59E5-43D0-A4AD-30FFEF361290}.Release|Any CPU.ActiveCfg = Release|Any CPU
		{5D409732-59E5-43D0-A4AD-30FFEF361290}.Release|Any CPU.Build.0 = Release|Any CPU
		{5D409732-59E5-43D0-A4AD-30FFEF361290}.Release|Mixed Platforms.ActiveCfg = Release|Any CPU
		{5D409732-59E5-43D0-A4AD-30FFEF361290}.Release|Mixed Platforms.Build.0 = Release|Any CPU
		{5D409732-59E5-43D0-A4AD-30FFEF361290}.Release|x86.ActiveCfg = Release|Any CPU
		{5D409732-59E5-43D0-A4AD-30FFEF361290}.Release|Xbox 360.ActiveCfg = Release|Any CPU
		{5D409732-59E5-43D0-A4AD-30FFEF361290}.Release|Zune.ActiveCfg = Release|Any CPU
		{939F5307-4DD5-4881-A277-0A852E2B5152}.Debug|Any CPU.ActiveCfg = Debug|Xbox 360
		{939F5307-4DD5-4881-A277-0A852E2B5152}.Debug|Mixed Platforms.ActiveCfg = Debug|Xbox 360
		{939F5307-4DD5-4881-A277-0A852E2B5152}.Debug|Mixed Platforms.Build.0 = Debug|Xbox 360
		{939F5307-4DD5-4881-A277-0A852E2B5152}.Debug|x86.ActiveCfg = Debug|x86
		{939F5307-4DD5-4881-A277-0A852E2B5152}.Debug|x86.Build.0 = Debug|x86
		{939F5307-4DD5-4881-A277-0A852E2B5152}.Debug|Xbox 360.ActiveCfg = Debug|Xbox 360
		{939F5307-4DD5-4881-A277-0A852E2B5152}.Debug|Xbox 360.Build.0 = Debug|Xbox 360
		{939F5307-4DD5-4881-A277-0A852E2B5152}.Debug|Zune.ActiveCfg = Debug|Xbox 360
		{939F5307-4DD5-4881-A277-0A852E2B5152}.Release|Any CPU.ActiveCfg = Release|Xbox 360
		{939F5307-4DD5-4881-A277-0A852E2B5152}.Release|Mixed Platforms.ActiveCfg = Release|Xbox 360
		{939F5307-4DD5-4881-A277-0A852E2B5152}.Release|Mixed Platforms.Build.0 = Release|Xbox 360
		{939F5307-4DD5-4881-A277-0A852E2B5152}.Release|x86.ActiveCfg = Release|x86
		{939F5307-4DD5-4881-A277-0A852E2B5152}.Release|x86.Build.0 = Release|x86
		{939F5307-4DD5-4881-A277-0A852E2B5152}.Release|Xbox 360.ActiveCfg = Release|Xbox 360
		{939F5307-4DD5-4881-A277-0A852E2B5152}.Release|Xbox 360.Build.0 = Release|Xbox 360
		{939F5307-4DD5-4881-A277-0A852E2B5152}.Release|Zune.ActiveCfg = Release|Xbox 360
		{A74A66E2-07E9-4E17-8FD9-80E283C359E8}.Debug|Any CPU.ActiveCfg = Debug|x86
		{A74A66E2-07E9-4E17-8FD9-80E283C359E8}.Debug|Mixed Platforms.ActiveCfg = Debug|x86
		{A74A66E2-07E9-4E17-8FD9-80E283C359E8}.Debug|x86.ActiveCfg = Debug|x86
		{A74A66E2-07E9-4E17-8FD9-80E283C359E8}.Debug|Xbox 360.ActiveCfg = Debug|x86
		{A74A66E2-07E9-4E17-8FD9-80E283C359E8}.Debug|Zune.ActiveCfg = Debug|x86
		{A74A66E2-07E9-4E17-8FD9-80E283C359E8}.Release|Any CPU.ActiveCfg = Release|x86
		{A74A66E2-07E9-4E17-8FD9-80E283C359E8}.Release|Mixed Platforms.ActiveCfg = Release|x86
		{A74A66E2-07E9-4E17-8FD9-80E283C359E8}.Release|x86.ActiveCfg = Release|x86
		{A74A66E2-07E9-4E17-8FD9-80E283C359E8}.Release|Xbox 360.ActiveCfg = Release|x86
		{A74A66E2-07E9-4E17-8FD9-80E283C359E8}.Release|Zune.ActiveCfg = Release|x86
		{84D92008-2133-4677-8D3A-720B620C0D37}.Debug|Any CPU.ActiveCfg = Debug|x86
		{84D92008-2133-4677-8D3A-720B620C0D37}.Debug|Mixed Platforms.ActiveCfg = Debug|x86
		{84D92008-2133-4677-8D3A-720B620C0D37}.Debug|x86.ActiveCfg = Debug|x86
		{84D92008-2133-4677-8D3A-720B620C0D37}.Debug|Xbox 360.ActiveCfg = Debug|x86
		{84D92008-2133-4677-8D3A-720B620C0D37}.Debug|Zune.ActiveCfg = Debug|x86
		{84D92008-2133-4677-8D3A-720B620C0D37}.Release|Any CPU.ActiveCfg = Release|x86
		{84D92008-2133-4677-8D3A-720B620C0D37}.Release|Mixed Platforms.ActiveCfg = Release|x86
		{84D92008-2133-4677-8D3A-720B620C0D37}.Release|x86.ActiveCfg = Release|x86
		{84D92008-2133-4677-8D3A-720B620C0D37}.Release|Xbox 360.ActiveCfg = Release|x86
		{84D92008-2133-4677-8D3A-720B620C0D37}.Release|Zune.ActiveCfg = Release|x86
		{5B080DE2-4274-4170-A085-67B493E9DCC4}.Debug|Any CPU.ActiveCfg = Debug|x86
		{5B080DE2-4274-4170-A085-67B493E9DCC4}.Debug|Mixed Platforms.ActiveCfg = Debug|x86
		{5B080DE2-4274-4170-A085-67B493E9DCC4}.Debug|x86.ActiveCfg = Debug|x86
		{5B080DE2-4274-4170-A085-67B493E9DCC4}.Debug|Xbox 360.ActiveCfg = Debug|x86
		{5B080DE2-4274-4170-A085-67B493E9DCC4}.Debug|Zune.ActiveCfg = Debug|x86
		{5B080DE2-4274-4170-A085-67B493E9DCC4}.Release|Any CPU.ActiveCfg = Release|x86
		{5B080DE2-4274-4170-A085-67B493E9DCC4}.Release|Mixed Platforms.ActiveCfg = Release|x86
		{5B080DE2-4274-4170-A085-67B493E9DCC4}.Release|x86.ActiveCfg = Release|x86
		{5B080DE2-4274-4170-A085-67B493E9DCC4}.Release|Xbox 360.ActiveCfg = Release|x86
		{5B080DE2-4274-4170-A085-67B493E9DCC4}.Release|Zune.ActiveCfg = Release|x86
		{D2E0E5AA-1ACF-4E6B-B5FF-AB14A89E2CCE}.Debug|Any CPU.ActiveCfg = Debug|x86
		{D2E0E5AA-1ACF-4E6B-B5FF-AB14A89E2CCE}.Debug|Mixed Platforms.ActiveCfg = Debug|x86
		{D2E0E5AA-1ACF-4E6B-B5FF-AB14A89E2CCE}.Debug|x86.ActiveCfg = Debug|x86
		{D2E0E5AA-1ACF-4E6B-B5FF-AB14A89E2CCE}.Debug|Xbox 360.ActiveCfg = Debug|x86
		{D2E0E5AA-1ACF-4E6B-B5FF-AB14A89E2CCE}.Debug|Zune.ActiveCfg = Debug|x86
		{D2E0E5AA-1ACF-4E6B-B5FF-AB14A89E2CCE}.Release|Any CPU.ActiveCfg = Release|x86
		{D2E0E5AA-1ACF-4E6B-B5FF-AB14A89E2CCE}.Release|Mixed Platforms.ActiveCfg = Release|x86
		{D2E0E5AA-1ACF-4E6B-B5FF-AB14A89E2CCE}.Release|x86.ActiveCfg = Release|x86
		{D2E0E5AA-1ACF-4E6B-B5FF-AB14A89E2CCE}.Release|Xbox 360.ActiveCfg = Release|x86
		{D2E0E5AA-1ACF-4E6B-B5FF-AB14A89E2CCE}.Release|Zune.ActiveCfg = Release|x86
	EndGlobalSection
	GlobalSection(SolutionProperties) = preSolution
		HideSolutionNode = FALSE
	EndGlobalSection
EndGlobal
