
Microsoft Visual Studio Solution File, Format Version 10.00
# Visual Studio 2008
Project("{FAE04EC0-301F-11D3-BF4B-00C04F79EFBC}") = "Sphere", "Sphere.csproj", "{2D2671C5-F197-4962-8579-E843ABF8E608}"
EndProject
Project("{FAE04EC0-301F-11D3-BF4B-00C04F79EFBC}") = "ModelPipelineExtensions", "..\ShatterExtension\ModelPipelineExtensions.csproj", "{23A45FA3-6F1F-417C-BC85-0963AC5EFB10}"
EndProject
Project("{FAE04EC0-301F-11D3-BF4B-00C04F79EFBC}") = "X Engine", "..\X-Engine\X Engine.csproj", "{219B7B7B-9CF7-4D3F-925C-85573E11A3E7}"
EndProject
Project("{FAE04EC0-301F-11D3-BF4B-00C04F79EFBC}") = "X Engine.360", "..\X-Engine\X Engine.360.csproj", "{F5633A6D-B5F5-4596-AD53-5D46A8C8FCF6}"
EndProject
Project("{FAE04EC0-301F-11D3-BF4B-00C04F79EFBC}") = "Sphere.360", "Sphere.360.csproj", "{1E882FA0-E968-498A-8CFD-AB2446E427CB}"
EndProject
Project("{FAE04EC0-301F-11D3-BF4B-00C04F79EFBC}") = "ParticlePipeline", "..\ParticlePipeline\ParticlePipeline.csproj", "{E77063AA-51E9-42A0-BC02-5A175393BF8C}"
EndProject
Project("{FAE04EC0-301F-11D3-BF4B-00C04F79EFBC}") = "X-Editor", "..\X-Editor\X-Editor\X-Editor.csproj", "{5D409732-59E5-43D0-A4AD-30FFEF361290}"
EndProject
Project("{FAE04EC0-301F-11D3-BF4B-00C04F79EFBC}") = "TexturePipelineExtensions", "..\TexturePipelineExtensions\TexturePipelineExtensions.csproj", "{939F5307-4DD5-4881-A277-0A852E2B5152}"
EndProject
Project("{FAE04EC0-301F-11D3-BF4B-00C04F79EFBC}") = "AnimationPipeline", "..\AnimationPipeline\AnimationPipeline.csproj", "{26B643F3-6BB6-42BF-A461-7B2598AE5A79}"
EndProject
Project("{FAE04EC0-301F-11D3-BF4B-00C04F79EFBC}") = "Animation", "..\Animation\Animation.csproj", "{7A217952-F2E6-48E0-A3C2-559DDAB12ECD}"
EndProject
Project("{FAE04EC0-301F-11D3-BF4B-00C04F79EFBC}") = "Animation.360", "..\Animation\Animation.360.csproj", "{7CDED4FE-AB0D-47E6-863C-B5983FA73ADC}"
EndProject
Project("{FAE04EC0-301F-11D3-BF4B-00C04F79EFBC}") = "JigLibX", "..\JigLibX 0.3.1\JigLibX\JigLibX.csproj", "{8A7CEF45-3501-491D-AEDA-0164060F5348}"
EndProject
Project("{FAE04EC0-301F-11D3-BF4B-00C04F79EFBC}") = "JigLibX Xbox 360", "..\JigLibX 0.3.1\JigLibX\JigLibX Xbox 360.csproj", "{610523B4-A5A6-4D3A-A10F-DAFE02D49B9D}"
EndProject
Global
	GlobalSection(SubversionScc) = preSolution
		Svn-Managed = True
		Manager = AnkhSVN - Subversion Support for Visual Studio
	EndGlobalSection
	GlobalSection(SolutionConfigurationPlatforms) = preSolution
		Debug|Any CPU = Debug|Any CPU
		Debug|Mixed Platforms = Debug|Mixed Platforms
		Debug|x86 = Debug|x86
		Debug|Xbox 360 = Debug|Xbox 360
		Debug|Zune = Debug|Zune
		Release|Any CPU = Release|Any CPU
		Release|Mixed Platforms = Release|Mixed Platforms
		Release|x86 = Release|x86
		Release|Xbox 360 = Release|Xbox 360
		Release|Zune = Release|Zune
	EndGlobalSection
	GlobalSection(ProjectConfigurationPlatforms) = postSolution
		{2D2671C5-F197-4962-8579-E843ABF8E608}.Debug|Any CPU.ActiveCfg = Debug|x86
		{2D2671C5-F197-4962-8579-E843ABF8E608}.Debug|Mixed Platforms.ActiveCfg = Debug|x86
		{2D2671C5-F197-4962-8579-E843ABF8E608}.Debug|Mixed Platforms.Build.0 = Debug|x86
		{2D2671C5-F197-4962-8579-E843ABF8E608}.Debug|x86.ActiveCfg = Debug|x86
		{2D2671C5-F197-4962-8579-E843ABF8E608}.Debug|x86.Build.0 = Debug|x86
		{2D2671C5-F197-4962-8579-E843ABF8E608}.Debug|Xbox 360.ActiveCfg = Debug|x86
		{2D2671C5-F197-4962-8579-E843ABF8E608}.Debug|Zune.ActiveCfg = Debug|x86
		{2D2671C5-F197-4962-8579-E843ABF8E608}.Release|Any CPU.ActiveCfg = Release|x86
		{2D2671C5-F197-4962-8579-E843ABF8E608}.Release|Mixed Platforms.ActiveCfg = Release|x86
		{2D2671C5-F197-4962-8579-E843ABF8E608}.Release|Mixed Platforms.Build.0 = Release|x86
		{2D2671C5-F197-4962-8579-E843ABF8E608}.Release|x86.ActiveCfg = Release|x86
		{2D2671C5-F197-4962-8579-E843ABF8E608}.Release|x86.Build.0 = Release|x86
		{2D2671C5-F197-4962-8579-E843ABF8E608}.Release|Xbox 360.ActiveCfg = Release|x86
		{2D2671C5-F197-4962-8579-E843ABF8E608}.Release|Zune.ActiveCfg = Release|x86
		{23A45FA3-6F1F-417C-BC85-0963AC5EFB10}.Debug|Any CPU.ActiveCfg = Debug|Zune
		{23A45FA3-6F1F-417C-BC85-0963AC5EFB10}.Debug|Mixed Platforms.ActiveCfg = Debug|Zune
		{23A45FA3-6F1F-417C-BC85-0963AC5EFB10}.Debug|Mixed Platforms.Build.0 = Debug|Zune
		{23A45FA3-6F1F-417C-BC85-0963AC5EFB10}.Debug|x86.ActiveCfg = Debug|x86
		{23A45FA3-6F1F-417C-BC85-0963AC5EFB10}.Debug|x86.Build.0 = Debug|x86
		{23A45FA3-6F1F-417C-BC85-0963AC5EFB10}.Debug|Xbox 360.ActiveCfg = Debug|Xbox 360
		{23A45FA3-6F1F-417C-BC85-0963AC5EFB10}.Debug|Xbox 360.Build.0 = Debug|Xbox 360
		{23A45FA3-6F1F-417C-BC85-0963AC5EFB10}.Debug|Zune.ActiveCfg = Debug|Zune
		{23A45FA3-6F1F-417C-BC85-0963AC5EFB10}.Debug|Zune.Build.0 = Debug|Zune
		{23A45FA3-6F1F-417C-BC85-0963AC5EFB10}.Release|Any CPU.ActiveCfg = Release|Zune
		{23A45FA3-6F1F-417C-BC85-0963AC5EFB10}.Release|Mixed Platforms.ActiveCfg = Release|Zune
		{23A45FA3-6F1F-417C-BC85-0963AC5EFB10}.Release|Mixed Platforms.Build.0 = Release|Zune
		{23A45FA3-6F1F-417C-BC85-0963AC5EFB10}.Release|x86.ActiveCfg = Release|x86
		{23A45FA3-6F1F-417C-BC85-0963AC5EFB10}.Release|x86.Build.0 = Release|x86
		{23A45FA3-6F1F-417C-BC85-0963AC5EFB10}.Release|Xbox 360.ActiveCfg = Release|Xbox 360
		{23A45FA3-6F1F-417C-BC85-0963AC5EFB10}.Release|Xbox 360.Build.0 = Release|Xbox 360
		{23A45FA3-6F1F-417C-BC85-0963AC5EFB10}.Release|Zune.ActiveCfg = Release|Zune
		{23A45FA3-6F1F-417C-BC85-0963AC5EFB10}.Release|Zune.Build.0 = Release|Zune
		{219B7B7B-9CF7-4D3F-925C-85573E11A3E7}.Debug|Any CPU.ActiveCfg = Debug|x86
		{219B7B7B-9CF7-4D3F-925C-85573E11A3E7}.Debug|Mixed Platforms.ActiveCfg = Debug|x86
		{219B7B7B-9CF7-4D3F-925C-85573E11A3E7}.Debug|Mixed Platforms.Build.0 = Debug|x86
		{219B7B7B-9CF7-4D3F-925C-85573E11A3E7}.Debug|x86.ActiveCfg = Debug|x86
		{219B7B7B-9CF7-4D3F-925C-85573E11A3E7}.Debug|x86.Build.0 = Debug|x86
		{219B7B7B-9CF7-4D3F-925C-85573E11A3E7}.Debug|Xbox 360.ActiveCfg = Debug|x86
		{219B7B7B-9CF7-4D3F-925C-85573E11A3E7}.Debug|Zune.ActiveCfg = Debug|x86
		{219B7B7B-9CF7-4D3F-925C-85573E11A3E7}.Release|Any CPU.ActiveCfg = Release|x86
		{219B7B7B-9CF7-4D3F-925C-85573E11A3E7}.Release|Mixed Platforms.ActiveCfg = Release|x86
		{219B7B7B-9CF7-4D3F-925C-85573E11A3E7}.Release|Mixed Platforms.Build.0 = Release|x86
		{219B7B7B-9CF7-4D3F-925C-85573E11A3E7}.Release|x86.ActiveCfg = Release|x86
		{219B7B7B-9CF7-4D3F-925C-85573E11A3E7}.Release|x86.Build.0 = Release|x86
		{219B7B7B-9CF7-4D3F-925C-85573E11A3E7}.Release|Xbox 360.ActiveCfg = Release|x86
		{219B7B7B-9CF7-4D3F-925C-85573E11A3E7}.Release|Zune.ActiveCfg = Release|x86
		{F5633A6D-B5F5-4596-AD53-5D46A8C8FCF6}.Debug|Any CPU.ActiveCfg = Debug|Xbox 360
		{F5633A6D-B5F5-4596-AD53-5D46A8C8FCF6}.Debug|Mixed Platforms.ActiveCfg = Debug|Xbox 360
		{F5633A6D-B5F5-4596-AD53-5D46A8C8FCF6}.Debug|Mixed Platforms.Build.0 = Debug|Xbox 360
		{F5633A6D-B5F5-4596-AD53-5D46A8C8FCF6}.Debug|x86.ActiveCfg = Debug|Xbox 360
		{F5633A6D-B5F5-4596-AD53-5D46A8C8FCF6}.Debug|Xbox 360.ActiveCfg = Debug|Xbox 360
		{F5633A6D-B5F5-4596-AD53-5D46A8C8FCF6}.Debug|Xbox 360.Build.0 = Debug|Xbox 360
		{F5633A6D-B5F5-4596-AD53-5D46A8C8FCF6}.Debug|Zune.ActiveCfg = Debug|Xbox 360
		{F5633A6D-B5F5-4596-AD53-5D46A8C8FCF6}.Release|Any CPU.ActiveCfg = Release|Xbox 360
		{F5633A6D-B5F5-4596-AD53-5D46A8C8FCF6}.Release|Mixed Platforms.ActiveCfg = Release|Xbox 360
		{F5633A6D-B5F5-4596-AD53-5D46A8C8FCF6}.Release|Mixed Platforms.Build.0 = Release|Xbox 360
		{F5633A6D-B5F5-4596-AD53-5D46A8C8FCF6}.Release|x86.ActiveCfg = Release|Xbox 360
		{F5633A6D-B5F5-4596-AD53-5D46A8C8FCF6}.Release|Xbox 360.ActiveCfg = Release|Xbox 360
		{F5633A6D-B5F5-4596-AD53-5D46A8C8FCF6}.Release|Xbox 360.Build.0 = Release|Xbox 360
		{F5633A6D-B5F5-4596-AD53-5D46A8C8FCF6}.Release|Zune.ActiveCfg = Release|Xbox 360
		{1E882FA0-E968-498A-8CFD-AB2446E427CB}.Debug|Any CPU.ActiveCfg = Debug|Xbox 360
		{1E882FA0-E968-498A-8CFD-AB2446E427CB}.Debug|Mixed Platforms.ActiveCfg = Debug|Xbox 360
		{1E882FA0-E968-498A-8CFD-AB2446E427CB}.Debug|Mixed Platforms.Build.0 = Debug|Xbox 360
		{1E882FA0-E968-498A-8CFD-AB2446E427CB}.Debug|Mixed Platforms.Deploy.0 = Debug|Xbox 360
		{1E882FA0-E968-498A-8CFD-AB2446E427CB}.Debug|x86.ActiveCfg = Debug|Xbox 360
		{1E882FA0-E968-498A-8CFD-AB2446E427CB}.Debug|Xbox 360.ActiveCfg = Debug|Xbox 360
		{1E882FA0-E968-498A-8CFD-AB2446E427CB}.Debug|Xbox 360.Build.0 = Debug|Xbox 360
		{1E882FA0-E968-498A-8CFD-AB2446E427CB}.Debug|Xbox 360.Deploy.0 = Debug|Xbox 360
		{1E882FA0-E968-498A-8CFD-AB2446E427CB}.Debug|Zune.ActiveCfg = Debug|Xbox 360
		{1E882FA0-E968-498A-8CFD-AB2446E427CB}.Release|Any CPU.ActiveCfg = Release|Xbox 360
		{1E882FA0-E968-498A-8CFD-AB2446E427CB}.Release|Mixed Platforms.ActiveCfg = Release|Xbox 360
		{1E882FA0-E968-498A-8CFD-AB2446E427CB}.Release|Mixed Platforms.Build.0 = Release|Xbox 360
		{1E882FA0-E968-498A-8CFD-AB2446E427CB}.Release|Mixed Platforms.Deploy.0 = Release|Xbox 360
		{1E882FA0-E968-498A-8CFD-AB2446E427CB}.Release|x86.ActiveCfg = Release|Xbox 360
		{1E882FA0-E968-498A-8CFD-AB2446E427CB}.Release|Xbox 360.ActiveCfg = Release|Xbox 360
		{1E882FA0-E968-498A-8CFD-AB2446E427CB}.Release|Xbox 360.Build.0 = Release|Xbox 360
		{1E882FA0-E968-498A-8CFD-AB2446E427CB}.Release|Xbox 360.Deploy.0 = Release|Xbox 360
		{1E882FA0-E968-498A-8CFD-AB2446E427CB}.Release|Zune.ActiveCfg = Release|Xbox 360
		{E77063AA-51E9-42A0-BC02-5A175393BF8C}.Debug|Any CPU.ActiveCfg = Debug|Xbox 360
		{E77063AA-51E9-42A0-BC02-5A175393BF8C}.Debug|Mixed Platforms.ActiveCfg = Debug|Xbox 360
		{E77063AA-51E9-42A0-BC02-5A175393BF8C}.Debug|Mixed Platforms.Build.0 = Debug|Xbox 360
		{E77063AA-51E9-42A0-BC02-5A175393BF8C}.Debug|x86.ActiveCfg = Debug|x86
		{E77063AA-51E9-42A0-BC02-5A175393BF8C}.Debug|x86.Build.0 = Debug|x86
		{E77063AA-51E9-42A0-BC02-5A175393BF8C}.Debug|Xbox 360.ActiveCfg = Debug|Xbox 360
		{E77063AA-51E9-42A0-BC02-5A175393BF8C}.Debug|Xbox 360.Build.0 = Debug|Xbox 360
		{E77063AA-51E9-42A0-BC02-5A175393BF8C}.Debug|Zune.ActiveCfg = Debug|Xbox 360
		{E77063AA-51E9-42A0-BC02-5A175393BF8C}.Release|Any CPU.ActiveCfg = Release|Xbox 360
		{E77063AA-51E9-42A0-BC02-5A175393BF8C}.Release|Mixed Platforms.ActiveCfg = Release|Xbox 360
		{E77063AA-51E9-42A0-BC02-5A175393BF8C}.Release|Mixed Platforms.Build.0 = Release|Xbox 360
		{E77063AA-51E9-42A0-BC02-5A175393BF8C}.Release|x86.ActiveCfg = Release|x86
		{E77063AA-51E9-42A0-BC02-5A175393BF8C}.Release|x86.Build.0 = Release|x86
		{E77063AA-51E9-42A0-BC02-5A175393BF8C}.Release|Xbox 360.ActiveCfg = Release|Xbox 360
		{E77063AA-51E9-42A0-BC02-5A175393BF8C}.Release|Xbox 360.Build.0 = Release|Xbox 360
		{E77063AA-51E9-42A0-BC02-5A175393BF8C}.Release|Zune.ActiveCfg = Release|Xbox 360
		{5D409732-59E5-43D0-A4AD-30FFEF361290}.Debug|Any CPU.ActiveCfg = Debug|Any CPU
		{5D409732-59E5-43D0-A4AD-30FFEF361290}.Debug|Any CPU.Build.0 = Debug|Any CPU
		{5D409732-59E5-43D0-A4AD-30FFEF361290}.Debug|Mixed Platforms.ActiveCfg = Debug|Any CPU
		{5D409732-59E5-43D0-A4AD-30FFEF361290}.Debug|Mixed Platforms.Build.0 = Debug|Any CPU
		{5D409732-59E5-43D0-A4AD-30FFEF361290}.Debug|x86.ActiveCfg = Debug|x86
		{5D409732-59E5-43D0-A4AD-30FFEF361290}.Debug|x86.Build.0 = Debug|x86
		{5D409732-59E5-43D0-A4AD-30FFEF361290}.Debug|Xbox 360.ActiveCfg = Debug|Any CPU
		{5D409732-59E5-43D0-A4AD-30FFEF361290}.Debug|Zune.ActiveCfg = Debug|Any CPU
		{5D409732-59E5-43D0-A4AD-30FFEF361290}.Release|Any CPU.ActiveCfg = Release|Any CPU
		{5D409732-59E5-43D0-A4AD-30FFEF361290}.Release|Any CPU.Build.0 = Release|Any CPU
		{5D409732-59E5-43D0-A4AD-30FFEF361290}.Release|Mixed Platforms.ActiveCfg = Release|Any CPU
		{5D409732-59E5-43D0-A4AD-30FFEF361290}.Release|Mixed Platforms.Build.0 = Release|Any CPU
		{5D409732-59E5-43D0-A4AD-30FFEF361290}.Release|x86.ActiveCfg = Release|x86
		{5D409732-59E5-43D0-A4AD-30FFEF361290}.Release|Xbox 360.ActiveCfg = Release|Any CPU
		{5D409732-59E5-43D0-A4AD-30FFEF361290}.Release|Zune.ActiveCfg = Release|Any CPU
		{939F5307-4DD5-4881-A277-0A852E2B5152}.Debug|Any CPU.ActiveCfg = Debug|Xbox 360
		{939F5307-4DD5-4881-A277-0A852E2B5152}.Debug|Mixed Platforms.ActiveCfg = Debug|Xbox 360
		{939F5307-4DD5-4881-A277-0A852E2B5152}.Debug|Mixed Platforms.Build.0 = Debug|Xbox 360
		{939F5307-4DD5-4881-A277-0A852E2B5152}.Debug|x86.ActiveCfg = Debug|x86
		{939F5307-4DD5-4881-A277-0A852E2B5152}.Debug|x86.Build.0 = Debug|x86
		{939F5307-4DD5-4881-A277-0A852E2B5152}.Debug|Xbox 360.ActiveCfg = Debug|Xbox 360
		{939F5307-4DD5-4881-A277-0A852E2B5152}.Debug|Xbox 360.Build.0 = Debug|Xbox 360
		{939F5307-4DD5-4881-A277-0A852E2B5152}.Debug|Zune.ActiveCfg = Debug|Xbox 360
		{939F5307-4DD5-4881-A277-0A852E2B5152}.Release|Any CPU.ActiveCfg = Release|Xbox 360
		{939F5307-4DD5-4881-A277-0A852E2B5152}.Release|Mixed Platforms.ActiveCfg = Release|Xbox 360
		{939F5307-4DD5-4881-A277-0A852E2B5152}.Release|Mixed Platforms.Build.0 = Release|Xbox 360
		{939F5307-4DD5-4881-A277-0A852E2B5152}.Release|x86.ActiveCfg = Release|x86
		{939F5307-4DD5-4881-A277-0A852E2B5152}.Release|x86.Build.0 = Release|x86
		{939F5307-4DD5-4881-A277-0A852E2B5152}.Release|Xbox 360.ActiveCfg = Release|Xbox 360
		{939F5307-4DD5-4881-A277-0A852E2B5152}.Release|Xbox 360.Build.0 = Release|Xbox 360
		{939F5307-4DD5-4881-A277-0A852E2B5152}.Release|Zune.ActiveCfg = Release|Xbox 360
		{26B643F3-6BB6-42BF-A461-7B2598AE5A79}.Debug|Any CPU.ActiveCfg = Debug|Xbox 360
		{26B643F3-6BB6-42BF-A461-7B2598AE5A79}.Debug|Mixed Platforms.ActiveCfg = Debug|Xbox 360
		{26B643F3-6BB6-42BF-A461-7B2598AE5A79}.Debug|Mixed Platforms.Build.0 = Debug|Xbox 360
		{26B643F3-6BB6-42BF-A461-7B2598AE5A79}.Debug|x86.ActiveCfg = Debug|x86
		{26B643F3-6BB6-42BF-A461-7B2598AE5A79}.Debug|x86.Build.0 = Debug|x86
		{26B643F3-6BB6-42BF-A461-7B2598AE5A79}.Debug|Xbox 360.ActiveCfg = Debug|Xbox 360
		{26B643F3-6BB6-42BF-A461-7B2598AE5A79}.Debug|Xbox 360.Build.0 = Debug|Xbox 360
		{26B643F3-6BB6-42BF-A461-7B2598AE5A79}.Debug|Zune.ActiveCfg = Debug|Xbox 360
		{26B643F3-6BB6-42BF-A461-7B2598AE5A79}.Release|Any CPU.ActiveCfg = Release|Xbox 360
		{26B643F3-6BB6-42BF-A461-7B2598AE5A79}.Release|Mixed Platforms.ActiveCfg = Release|Xbox 360
		{26B643F3-6BB6-42BF-A461-7B2598AE5A79}.Release|Mixed Platforms.Build.0 = Release|Xbox 360
		{26B643F3-6BB6-42BF-A461-7B2598AE5A79}.Release|x86.ActiveCfg = Release|x86
		{26B643F3-6BB6-42BF-A461-7B2598AE5A79}.Release|x86.Build.0 = Release|x86
		{26B643F3-6BB6-42BF-A461-7B2598AE5A79}.Release|Xbox 360.ActiveCfg = Release|Xbox 360
		{26B643F3-6BB6-42BF-A461-7B2598AE5A79}.Release|Xbox 360.Build.0 = Release|Xbox 360
		{26B643F3-6BB6-42BF-A461-7B2598AE5A79}.Release|Zune.ActiveCfg = Release|Xbox 360
		{7A217952-F2E6-48E0-A3C2-559DDAB12ECD}.Debug|Any CPU.ActiveCfg = Debug|x86
		{7A217952-F2E6-48E0-A3C2-559DDAB12ECD}.Debug|Mixed Platforms.ActiveCfg = Debug|x86
		{7A217952-F2E6-48E0-A3C2-559DDAB12ECD}.Debug|Mixed Platforms.Build.0 = Debug|x86
		{7A217952-F2E6-48E0-A3C2-559DDAB12ECD}.Debug|x86.ActiveCfg = Debug|x86
		{7A217952-F2E6-48E0-A3C2-559DDAB12ECD}.Debug|x86.Build.0 = Debug|x86
		{7A217952-F2E6-48E0-A3C2-559DDAB12ECD}.Debug|Xbox 360.ActiveCfg = Debug|x86
		{7A217952-F2E6-48E0-A3C2-559DDAB12ECD}.Debug|Zune.ActiveCfg = Debug|x86
		{7A217952-F2E6-48E0-A3C2-559DDAB12ECD}.Release|Any CPU.ActiveCfg = Release|x86
		{7A217952-F2E6-48E0-A3C2-559DDAB12ECD}.Release|Mixed Platforms.ActiveCfg = Release|x86
		{7A217952-F2E6-48E0-A3C2-559DDAB12ECD}.Release|Mixed Platforms.Build.0 = Release|x86
		{7A217952-F2E6-48E0-A3C2-559DDAB12ECD}.Release|x86.ActiveCfg = Release|x86
		{7A217952-F2E6-48E0-A3C2-559DDAB12ECD}.Release|x86.Build.0 = Release|x86
		{7A217952-F2E6-48E0-A3C2-559DDAB12ECD}.Release|Xbox 360.ActiveCfg = Release|x86
		{7A217952-F2E6-48E0-A3C2-559DDAB12ECD}.Release|Zune.ActiveCfg = Release|x86
		{7CDED4FE-AB0D-47E6-863C-B5983FA73ADC}.Debug|Any CPU.ActiveCfg = Debug|Xbox 360
		{7CDED4FE-AB0D-47E6-863C-B5983FA73ADC}.Debug|Mixed Platforms.ActiveCfg = Debug|Xbox 360
		{7CDED4FE-AB0D-47E6-863C-B5983FA73ADC}.Debug|Mixed Platforms.Build.0 = Debug|Xbox 360
		{7CDED4FE-AB0D-47E6-863C-B5983FA73ADC}.Debug|x86.ActiveCfg = Debug|Xbox 360
		{7CDED4FE-AB0D-47E6-863C-B5983FA73ADC}.Debug|Xbox 360.ActiveCfg = Debug|Xbox 360
		{7CDED4FE-AB0D-47E6-863C-B5983FA73ADC}.Debug|Xbox 360.Build.0 = Debug|Xbox 360
		{7CDED4FE-AB0D-47E6-863C-B5983FA73ADC}.Debug|Zune.ActiveCfg = Debug|Xbox 360
		{7CDED4FE-AB0D-47E6-863C-B5983FA73ADC}.Release|Any CPU.ActiveCfg = Release|Xbox 360
		{7CDED4FE-AB0D-47E6-863C-B5983FA73ADC}.Release|Mixed Platforms.ActiveCfg = Release|Xbox 360
		{7CDED4FE-AB0D-47E6-863C-B5983FA73ADC}.Release|Mixed Platforms.Build.0 = Release|Xbox 360
		{7CDED4FE-AB0D-47E6-863C-B5983FA73ADC}.Release|x86.ActiveCfg = Release|Xbox 360
		{7CDED4FE-AB0D-47E6-863C-B5983FA73ADC}.Release|Xbox 360.ActiveCfg = Release|Xbox 360
		{7CDED4FE-AB0D-47E6-863C-B5983FA73ADC}.Release|Xbox 360.Build.0 = Release|Xbox 360
		{7CDED4FE-AB0D-47E6-863C-B5983FA73ADC}.Release|Zune.ActiveCfg = Release|Xbox 360
		{8A7CEF45-3501-491D-AEDA-0164060F5348}.Debug|Any CPU.ActiveCfg = Debug|x86
		{8A7CEF45-3501-491D-AEDA-0164060F5348}.Debug|Mixed Platforms.ActiveCfg = Debug|x86
		{8A7CEF45-3501-491D-AEDA-0164060F5348}.Debug|Mixed Platforms.Build.0 = Debug|x86
		{8A7CEF45-3501-491D-AEDA-0164060F5348}.Debug|x86.ActiveCfg = Debug|x86
		{8A7CEF45-3501-491D-AEDA-0164060F5348}.Debug|x86.Build.0 = Debug|x86
		{8A7CEF45-3501-491D-AEDA-0164060F5348}.Debug|Xbox 360.ActiveCfg = Debug|x86
		{8A7CEF45-3501-491D-AEDA-0164060F5348}.Debug|Zune.ActiveCfg = Debug|x86
		{8A7CEF45-3501-491D-AEDA-0164060F5348}.Release|Any CPU.ActiveCfg = Release|x86
		{8A7CEF45-3501-491D-AEDA-0164060F5348}.Release|Mixed Platforms.ActiveCfg = Release|x86
		{8A7CEF45-3501-491D-AEDA-0164060F5348}.Release|Mixed Platforms.Build.0 = Release|x86
		{8A7CEF45-3501-491D-AEDA-0164060F5348}.Release|x86.ActiveCfg = Release|x86
		{8A7CEF45-3501-491D-AEDA-0164060F5348}.Release|x86.Build.0 = Release|x86
		{8A7CEF45-3501-491D-AEDA-0164060F5348}.Release|Xbox 360.ActiveCfg = Release|x86
		{8A7CEF45-3501-491D-AEDA-0164060F5348}.Release|Zune.ActiveCfg = Release|x86
		{A74A66E2-07E9-4E17-8FD9-80E283C359E8}.Debug|Any CPU.ActiveCfg = Debug|x86
		{A74A66E2-07E9-4E17-8FD9-80E283C359E8}.Debug|Mixed Platforms.ActiveCfg = Debug|x86
		{A74A66E2-07E9-4E17-8FD9-80E283C359E8}.Debug|x86.ActiveCfg = Debug|x86
		{A74A66E2-07E9-4E17-8FD9-80E283C359E8}.Debug|Xbox 360.ActiveCfg = Debug|x86
		{A74A66E2-07E9-4E17-8FD9-80E283C359E8}.Debug|Zune.ActiveCfg = Debug|x86
		{A74A66E2-07E9-4E17-8FD9-80E283C359E8}.Release|Any CPU.ActiveCfg = Release|x86
		{A74A66E2-07E9-4E17-8FD9-80E283C359E8}.Release|Mixed Platforms.ActiveCfg = Release|x86
		{A74A66E2-07E9-4E17-8FD9-80E283C359E8}.Release|x86.ActiveCfg = Release|x86
		{A74A66E2-07E9-4E17-8FD9-80E283C359E8}.Release|Xbox 360.ActiveCfg = Release|x86
		{A74A66E2-07E9-4E17-8FD9-80E283C359E8}.Release|Zune.ActiveCfg = Release|x86
		{5B080DE2-4274-4170-A085-67B493E9DCC4}.Debug|Any CPU.ActiveCfg = Debug|x86
		{5B080DE2-4274-4170-A085-67B493E9DCC4}.Debug|Mixed Platforms.ActiveCfg = Debug|x86
		{5B080DE2-4274-4170-A085-67B493E9DCC4}.Debug|x86.ActiveCfg = Debug|x86
		{5B080DE2-4274-4170-A085-67B493E9DCC4}.Debug|Xbox 360.ActiveCfg = Debug|x86
		{5B080DE2-4274-4170-A085-67B493E9DCC4}.Debug|Zune.ActiveCfg = Debug|x86
		{5B080DE2-4274-4170-A085-67B493E9DCC4}.Release|Any CPU.ActiveCfg = Release|x86
		{5B080DE2-4274-4170-A085-67B493E9DCC4}.Release|Mixed Platforms.ActiveCfg = Release|x86
		{5B080DE2-4274-4170-A085-67B493E9DCC4}.Release|x86.ActiveCfg = Release|x86
		{5B080DE2-4274-4170-A085-67B493E9DCC4}.Release|Xbox 360.ActiveCfg = Release|x86
		{5B080DE2-4274-4170-A085-67B493E9DCC4}.Release|Zune.ActiveCfg = Release|x86
		{D0F44C7B-C6FA-4ECF-AB62-83EEC7357136}.Debug|Any CPU.ActiveCfg = Debug|x86
		{D0F44C7B-C6FA-4ECF-AB62-83EEC7357136}.Debug|Mixed Platforms.ActiveCfg = Debug|x86
		{D0F44C7B-C6FA-4ECF-AB62-83EEC7357136}.Debug|x86.ActiveCfg = Debug|x86
		{D0F44C7B-C6FA-4ECF-AB62-83EEC7357136}.Debug|Xbox 360.ActiveCfg = Debug|x86
		{D0F44C7B-C6FA-4ECF-AB62-83EEC7357136}.Debug|Zune.ActiveCfg = Debug|x86
		{D0F44C7B-C6FA-4ECF-AB62-83EEC7357136}.Release|Any CPU.ActiveCfg = Release|x86
		{D0F44C7B-C6FA-4ECF-AB62-83EEC7357136}.Release|Mixed Platforms.ActiveCfg = Release|x86
		{D0F44C7B-C6FA-4ECF-AB62-83EEC7357136}.Release|x86.ActiveCfg = Release|x86
		{D0F44C7B-C6FA-4ECF-AB62-83EEC7357136}.Release|Xbox 360.ActiveCfg = Release|x86
		{D0F44C7B-C6FA-4ECF-AB62-83EEC7357136}.Release|Zune.ActiveCfg = Release|x86
		{916ACCF4-F6BE-4DC8-A182-40E6FA419015}.Debug|Any CPU.ActiveCfg = Debug|Xbox 360
		{916ACCF4-F6BE-4DC8-A182-40E6FA419015}.Debug|Mixed Platforms.ActiveCfg = Debug|Xbox 360
		{916ACCF4-F6BE-4DC8-A182-40E6FA419015}.Debug|x86.ActiveCfg = Debug|x86
		{916ACCF4-F6BE-4DC8-A182-40E6FA419015}.Debug|Xbox 360.ActiveCfg = Debug|Xbox 360
		{916ACCF4-F6BE-4DC8-A182-40E6FA419015}.Debug|Zune.ActiveCfg = Debug|Xbox 360
		{916ACCF4-F6BE-4DC8-A182-40E6FA419015}.Release|Any CPU.ActiveCfg = Release|Xbox 360
		{916ACCF4-F6BE-4DC8-A182-40E6FA419015}.Release|Mixed Platforms.ActiveCfg = Release|Xbox 360
		{916ACCF4-F6BE-4DC8-A182-40E6FA419015}.Release|x86.ActiveCfg = Release|x86
		{916ACCF4-F6BE-4DC8-A182-40E6FA419015}.Release|Xbox 360.ActiveCfg = Release|Xbox 360
		{916ACCF4-F6BE-4DC8-A182-40E6FA419015}.Release|Zune.ActiveCfg = Release|Xbox 360
		{610523B4-A5A6-4D3A-A10F-DAFE02D49B9D}.Debug|Any CPU.ActiveCfg = Debug|Xbox 360
		{610523B4-A5A6-4D3A-A10F-DAFE02D49B9D}.Debug|Mixed Platforms.ActiveCfg = Debug|Xbox 360
		{610523B4-A5A6-4D3A-A10F-DAFE02D49B9D}.Debug|Mixed Platforms.Build.0 = Debug|Xbox 360
		{610523B4-A5A6-4D3A-A10F-DAFE02D49B9D}.Debug|x86.ActiveCfg = Debug|Xbox 360
		{610523B4-A5A6-4D3A-A10F-DAFE02D49B9D}.Debug|Xbox 360.ActiveCfg = Debug|Xbox 360
		{610523B4-A5A6-4D3A-A10F-DAFE02D49B9D}.Debug|Xbox 360.Build.0 = Debug|Xbox 360
		{610523B4-A5A6-4D3A-A10F-DAFE02D49B9D}.Debug|Zune.ActiveCfg = Debug|Xbox 360
		{610523B4-A5A6-4D3A-A10F-DAFE02D49B9D}.Release|Any CPU.ActiveCfg = Release|Xbox 360
		{610523B4-A5A6-4D3A-A10F-DAFE02D49B9D}.Release|Mixed Platforms.ActiveCfg = Release|Xbox 360
		{610523B4-A5A6-4D3A-A10F-DAFE02D49B9D}.Release|Mixed Platforms.Build.0 = Release|Xbox 360
		{610523B4-A5A6-4D3A-A10F-DAFE02D49B9D}.Release|x86.ActiveCfg = Release|Xbox 360
		{610523B4-A5A6-4D3A-A10F-DAFE02D49B9D}.Release|Xbox 360.ActiveCfg = Release|Xbox 360
		{610523B4-A5A6-4D3A-A10F-DAFE02D49B9D}.Release|Xbox 360.Build.0 = Release|Xbox 360
		{610523B4-A5A6-4D3A-A10F-DAFE02D49B9D}.Release|Zune.ActiveCfg = Release|Xbox 360
	EndGlobalSection
	GlobalSection(SolutionProperties) = preSolution
		HideSolutionNode = FALSE
	EndGlobalSection
EndGlobal
